
Microsoft Visual Studio Solution File, Format Version 12.00
# Visual Studio Version 17
VisualStudioVersion = 17.9.34622.214
MinimumVisualStudioVersion = 10.0.40219.1
Project("{FAE04EC0-301F-11D3-BF4B-00C04F79EFBC}") = "Jagged", "Jagged.csproj", "{B92CDA2A-A881-47AB-899F-913F6D5D3557}"
EndProject
Global
	GlobalSection(SolutionConfigurationPlatforms) = preSolution
		Debug|Any CPU = Debug|Any CPU
		Release|Any CPU = Release|Any CPU
	EndGlobalSection
	GlobalSection(ProjectConfigurationPlatforms) = postSolution
		{B92CDA2A-A881-47AB-899F-913F6D5D3557}.Debug|Any CPU.ActiveCfg = Debug|Any CPU
		{B92CDA2A-A881-47AB-899F-913F6D5D3557}.Debug|Any CPU.Build.0 = Debug|Any CPU
		{B92CDA2A-A881-47AB-899F-913F6D5D3557}.Release|Any CPU.ActiveCfg = Release|Any CPU
		{B92CDA2A-A881-47AB-899F-913F6D5D3557}.Release|Any CPU.Build.0 = Release|Any CPU
	EndGlobalSection
	GlobalSection(SolutionProperties) = preSolution
		HideSolutionNode = FALSE
	EndGlobalSection
	GlobalSection(ExtensibilityGlobals) = postSolution
		SolutionGuid = {BA5538F5-27EF-479F-BB2E-2049237FB024}
	EndGlobalSection
EndGlobal
